version = 1
revision = 3
requires-python = ">=3.8"
resolution-markers = [
    "python_full_version >= '3.9'",
    "python_full_version < '3.9'",
]

[[package]]
name = "aihordeclient"
version = "0.3.1"
source = { editable = "." }
dependencies = [
    { name = "sseclient-py" },
    { name = "urllib3" },
]

[package.metadata]
requires-dist = [
    { name = "sseclient-py", specifier = "==1.8.0" },
    { name = "urllib3", specifier = "==2.2.3" },
]

[[package]]
name = "sseclient-py"
version = "1.8.0"
source = { registry = "https://pypi.org/simple" }
sdist = { url = "https://files.pythonhosted.org/packages/e8/ed/3df5ab8bb0c12f86c28d0cadb11ed1de44a92ed35ce7ff4fd5518a809325/sseclient-py-1.8.0.tar.gz", hash = "sha256:c547c5c1a7633230a38dc599a21a2dc638f9b5c297286b48b46b935c71fac3e8", size = 7791, upload-time = "2023-09-01T19:39:20.45Z" }
wheels = [
    { url = "https://files.pythonhosted.org/packages/49/58/97655efdfeb5b4eeab85b1fc5d3fa1023661246c2ab2a26ea8e47402d4f2/sseclient_py-1.8.0-py2.py3-none-any.whl", hash = "sha256:4ecca6dc0b9f963f8384e9d7fd529bf93dd7d708144c4fb5da0e0a1a926fee83", size = 8828, upload-time = "2023-09-01T19:39:17.627Z" },
]

[[package]]
name = "urllib3"
version = "2.2.3"
source = { registry = "https://pypi.org/simple" }
sdist = { url = "https://files.pythonhosted.org/packages/ed/63/22ba4ebfe7430b76388e7cd448d5478814d3032121827c12a2cc287e2260/urllib3-2.2.3.tar.gz", hash = "sha256:e7d814a81dad81e6caf2ec9fdedb284ecc9c73076b62654547cc64ccdcae26e9", size = 300677, upload-time = "2024-09-12T10:52:18.401Z" }
wheels = [
    { url = "https://files.pythonhosted.org/packages/ce/d9/5f4c13cecde62396b0d3fe530a50ccea91e7dfc1ccf0e09c228841bb5ba8/urllib3-2.2.3-py3-none-any.whl", hash = "sha256:ca899ca043dcb1bafa3e262d73aa25c465bfb49e0bd9dd5d59f1d0acba2f8fac", size = 126338, upload-time = "2024-09-12T10:52:16.589Z" },
]
